lockVersion: 2.0.0
id: f0acf830-9832-4b13-87c9-24df1090c810
management:
  docChecksum: 5de2514a122c5e7b9938df083447bd6c
  docVersion: 1.0.11
  speakeasyVersion: 1.227.0
  generationVersion: 2.291.0
  releaseVersion: 2.1.4
  configChecksum: 3dbb075bd476a268598c9db3e5c90ccf
  repoURL: https://github.com/speakeasy-sdks/test_php.git
  repoSubDirectory: .
  installationURL: https://github.com/speakeasy-sdks/test_php
features:
  php:
    core: 3.3.3
    globalSecurity: 2.81.6
    globalServerURLs: 2.82.1
generatedFiles:
  - src/SDKConfiguration.php
  - src/Deal.php
  - src/Order.php
  - src/Product.php
  - src/Updater.php
  - src/UpdaterBuilder.php
  - composer.json
  - phpstan.neon
  - rector.php
  - src/Utils/EnumHandler.php
  - src/Utils/FormMetadata.php
  - src/Utils/Headers.php
  - src/Utils/JSON.php
  - src/Utils/MixedJSONHandler.php
  - src/Utils/MultipartMetadata.php
  - src/Utils/ParamsMetadata.php
  - src/Utils/PathParameters.php
  - src/Utils/QueryParameters.php
  - src/Utils/RequestBodies.php
  - src/Utils/RequestMetadata.php
  - src/Utils/Security.php
  - src/Utils/SecurityClient.php
  - src/Utils/SecurityMetadata.php
  - src/Utils/SpeakeasyMetadata.php
  - src/Utils/Utils.php
  - src/Models/Operations/ReadDealRequest.php
  - src/Models/Operations/ReadDealResponseBody.php
  - src/Models/Operations/ReadDealResponse.php
  - src/Models/Operations/UpdateDealRequestBody.php
  - src/Models/Operations/UpdateDealResponse.php
  - src/Models/Operations/ReadOrderRequest.php
  - src/Models/Operations/ReadOrderResponseBody.php
  - src/Models/Operations/ReadOrderResponse.php
  - src/Models/Operations/UpdateOrderRequestBody.php
  - src/Models/Operations/UpdateOrderResponse.php
  - src/Models/Operations/ReadProductRequest.php
  - src/Models/Operations/ReadProductResponseBody.php
  - src/Models/Operations/ReadProductResponse.php
  - src/Models/Operations/UpdateProductRequestBody.php
  - src/Models/Operations/UpdateProductResponse.php
  - src/Models/Shared/MoreInfo.php
  - src/Models/Shared/Type.php
  - src/Models/Shared/Deal.php
  - src/Models/Shared/Cart.php
  - src/Models/Shared/OrderMoreInfo.php
  - src/Models/Shared/State.php
  - src/Models/Shared/Order.php
  - src/Models/Shared/Address.php
  - src/Models/Shared/ProductMoreInfo.php
  - src/Models/Shared/Product.php
  - src/Models/Shared/Security.php
  - docs/Models/Operations/ReadDealRequest.md
  - docs/Models/Operations/ReadDealResponseBody.md
  - docs/Models/Operations/ReadDealResponse.md
  - docs/Models/Operations/UpdateDealRequestBody.md
  - docs/Models/Operations/UpdateDealResponse.md
  - docs/Models/Operations/ReadOrderRequest.md
  - docs/Models/Operations/ReadOrderResponseBody.md
  - docs/Models/Operations/ReadOrderResponse.md
  - docs/Models/Operations/UpdateOrderRequestBody.md
  - docs/Models/Operations/UpdateOrderResponse.md
  - docs/Models/Operations/ReadProductRequest.md
  - docs/Models/Operations/ReadProductResponseBody.md
  - docs/Models/Operations/ReadProductResponse.md
  - docs/Models/Operations/UpdateProductRequestBody.md
  - docs/Models/Operations/UpdateProductResponse.md
  - docs/Models/Shared/MoreInfo.md
  - docs/Models/Shared/Type.md
  - docs/Models/Shared/Deal.md
  - docs/Models/Shared/Cart.md
  - docs/Models/Shared/OrderMoreInfo.md
  - docs/Models/Shared/State.md
  - docs/Models/Shared/Order.md
  - docs/Models/Shared/Address.md
  - docs/Models/Shared/ProductMoreInfo.md
  - docs/Models/Shared/Product.md
  - docs/Models/Shared/Security.md
  - docs/sdks/updater/README.md
  - docs/sdks/deal/README.md
  - docs/sdks/order/README.md
  - docs/sdks/product/README.md
  - USAGE.md
  - .gitattributes
